version = 1
requires-python = ">=3.13"

[[package]]
name = "anytree"
version = "2.13.0"
source = { registry = "https://pypi.org/simple" }
sdist = { url = "https://files.pythonhosted.org/packages/bc/a8/eb55fab589c56f9b6be2b3fd6997aa04bb6f3da93b01154ce6fc8e799db2/anytree-2.13.0.tar.gz", hash = "sha256:c9d3aa6825fdd06af7ebb05b4ef291d2db63e62bb1f9b7d9b71354be9d362714", size = 48389 }
wheels = [
    { url = "https://files.pythonhosted.org/packages/7b/98/f6aa7fe0783e42be3093d8ef1b0ecdc22c34c0d69640dfb37f56925cb141/anytree-2.13.0-py3-none-any.whl", hash = "sha256:4cbcf10df36b1f1cba131b7e487ff3edafc9d6e932a3c70071b5b768bab901ff", size = 45077 },
]

[[package]]
name = "util"
version = "0.1.0"
source = { virtual = "." }
dependencies = [
    { name = "anytree" },
]

[package.metadata]
requires-dist = [{ name = "anytree", specifier = ">=2.13.0" }]
